
Microsoft Visual Studio Solution File, Format Version 12.00
# Visual Studio 15
Project("{FAE04EC0-301F-11D3-BF4B-00C04F79EFBC}") = "Assembly-CSharp", "Assembly-CSharp.csproj", "{DC69E0C7-F985-AB8C-BB51-815B026CBB4B}"
EndProject
Global
	GlobalSection(SolutionConfigurationPlatforms) = preSolution
		Debug|Any CPU = Debug|Any CPU
		Release|Any CPU = Release|Any CPU
	EndGlobalSection
	GlobalSection(ProjectConfigurationPlatforms) = postSolution
		{DC69E0C7-F985-AB8C-BB51-815B026CBB4B}.Debug|Any CPU.ActiveCfg = Debug|Any CPU
		{DC69E0C7-F985-AB8C-BB51-815B026CBB4B}.Debug|Any CPU.Build.0 = Debug|Any CPU
		{DC69E0C7-F985-AB8C-BB51-815B026CBB4B}.Release|Any CPU.ActiveCfg = Release|Any CPU
		{DC69E0C7-F985-AB8C-BB51-815B026CBB4B}.Release|Any CPU.Build.0 = Release|Any CPU
	EndGlobalSection
	GlobalSection(SolutionProperties) = preSolution
		HideSolutionNode = FALSE
	EndGlobalSection
EndGlobal
